{
  "name": "@hestiaai/tracker-control-agg",
  "version": "0.0.1-alpha.30",
  "lockfileVersion": 2,
  "requires": true,
  "packages": {
    "": {
      "name": "@hestiaai/tracker-control-agg",
      "version": "0.0.1-alpha.30",
      "license": "UNLICENSED",
      "dependencies": {
        "lodash.groupby": "^4.6.0",
        "lodash.uniq": "^4.5.0",
        "ngraph.centrality": "^2.1.0",
        "ngraph.graph": "^20.0.0"
      },
      "devDependencies": {
        "@types/lodash.groupby": "^4.6.7",
        "@types/lodash.uniq": "^4.5.7"
      }
    },
    "node_modules/@types/lodash": {
      "version": "4.14.186",
      "resolved": "https://registry.npmjs.org/@types/lodash/-/lodash-4.14.186.tgz",
      "integrity": "sha512-eHcVlLXP0c2FlMPm56ITode2AgLMSa6aJ05JTTbYbI+7EMkCEE5qk2E41d5g2lCVTqRe0GnnRFurmlCsDODrPw==",
      "dev": true
    },
    "node_modules/@types/lodash.groupby": {
      "version": "4.6.7",
      "resolved": "https://registry.npmjs.org/@types/lodash.groupby/-/lodash.groupby-4.6.7.tgz",
      "integrity": "sha512-dFUR1pqdMgjIBbgPJ/8axJX6M1C7zsL+HF4qdYMQeJ7XOp0Qbf37I3zh9gpXr/ks6tgEYPDRqyZRAnFYvewYHQ==",
      "dev": true,
      "dependencies": {
        "@types/lodash": "*"
      }
    },
    "node_modules/@types/lodash.uniq": {
      "version": "4.5.7",
      "resolved": "https://registry.npmjs.org/@types/lodash.uniq/-/lodash.uniq-4.5.7.tgz",
      "integrity": "sha512-qg7DeAbdZMi6DGvCxThlJycykLLhETrJrQZ6F2KaZ+o0sNK1qRHz46lgNA+nHHjwrmA2a91DyiZTp3ey3m1rEw==",
      "dev": true,
      "dependencies": {
        "@types/lodash": "*"
      }
    },
    "node_modules/lodash.groupby": {
      "version": "4.6.0",
      "resolved": "https://registry.npmjs.org/lodash.groupby/-/lodash.groupby-4.6.0.tgz",
      "integrity": "sha512-5dcWxm23+VAoz+awKmBaiBvzox8+RqMgFhi7UvX9DHZr2HdxHXM/Wrf8cfKpsW37RNrvtPn6hSwNqurSILbmJw=="
    },
    "node_modules/lodash.uniq": {
      "version": "4.5.0",
      "resolved": "https://registry.npmjs.org/lodash.uniq/-/lodash.uniq-4.5.0.tgz",
      "integrity": "sha512-xfBaXQd9ryd9dlSDvnvI0lvxfLJlYAZzXomUYzLKtUeOQvOP5piqAWuGtrhWeqaXK9hhoM/iyJc5AV+XfsX3HQ=="
    },
    "node_modules/ngraph.centrality": {
      "version": "2.1.0",
      "resolved": "https://registry.npmjs.org/ngraph.centrality/-/ngraph.centrality-2.1.0.tgz",
      "integrity": "sha512-sMpjulIKoyd64ICcaJyCJGMmfU97bsbGgsq7i3yGOjeruZvpUR4TR6ZGFDDpNBTV98Z29I8RfeScn4Nfe3R5NQ=="
    },
    "node_modules/ngraph.events": {
      "version": "1.2.2",
      "resolved": "https://registry.npmjs.org/ngraph.events/-/ngraph.events-1.2.2.tgz",
      "integrity": "sha512-JsUbEOzANskax+WSYiAPETemLWYXmixuPAlmZmhIbIj6FH/WDgEGCGnRwUQBK0GjOnVm8Ui+e5IJ+5VZ4e32eQ=="
    },
    "node_modules/ngraph.graph": {
      "version": "20.0.0",
      "resolved": "https://registry.npmjs.org/ngraph.graph/-/ngraph.graph-20.0.0.tgz",
      "integrity": "sha512-tJqmik6U5geNDSbmTSwm4R6coTMDbkfFFHD8wdeSJtKU/cxIWFsKtXuwMva/wTk6tQQl1C2//lrzmwfPJXAXHw==",
      "dependencies": {
        "ngraph.events": "^1.2.1"
      }
    }
  },
  "dependencies": {
    "@types/lodash": {
      "version": "4.14.186",
      "resolved": "https://registry.npmjs.org/@types/lodash/-/lodash-4.14.186.tgz",
      "integrity": "sha512-eHcVlLXP0c2FlMPm56ITode2AgLMSa6aJ05JTTbYbI+7EMkCEE5qk2E41d5g2lCVTqRe0GnnRFurmlCsDODrPw==",
      "dev": true
    },
    "@types/lodash.groupby": {
      "version": "4.6.7",
      "resolved": "https://registry.npmjs.org/@types/lodash.groupby/-/lodash.groupby-4.6.7.tgz",
      "integrity": "sha512-dFUR1pqdMgjIBbgPJ/8axJX6M1C7zsL+HF4qdYMQeJ7XOp0Qbf37I3zh9gpXr/ks6tgEYPDRqyZRAnFYvewYHQ==",
      "dev": true,
      "requires": {
        "@types/lodash": "*"
      }
    },
    "@types/lodash.uniq": {
      "version": "4.5.7",
      "resolved": "https://registry.npmjs.org/@types/lodash.uniq/-/lodash.uniq-4.5.7.tgz",
      "integrity": "sha512-qg7DeAbdZMi6DGvCxThlJycykLLhETrJrQZ6F2KaZ+o0sNK1qRHz46lgNA+nHHjwrmA2a91DyiZTp3ey3m1rEw==",
      "dev": true,
      "requires": {
        "@types/lodash": "*"
      }
    },
    "lodash.groupby": {
      "version": "4.6.0",
      "resolved": "https://registry.npmjs.org/lodash.groupby/-/lodash.groupby-4.6.0.tgz",
      "integrity": "sha512-5dcWxm23+VAoz+awKmBaiBvzox8+RqMgFhi7UvX9DHZr2HdxHXM/Wrf8cfKpsW37RNrvtPn6hSwNqurSILbmJw=="
    },
    "lodash.uniq": {
      "version": "4.5.0",
      "resolved": "https://registry.npmjs.org/lodash.uniq/-/lodash.uniq-4.5.0.tgz",
      "integrity": "sha512-xfBaXQd9ryd9dlSDvnvI0lvxfLJlYAZzXomUYzLKtUeOQvOP5piqAWuGtrhWeqaXK9hhoM/iyJc5AV+XfsX3HQ=="
    },
    "ngraph.centrality": {
      "version": "2.1.0",
      "resolved": "https://registry.npmjs.org/ngraph.centrality/-/ngraph.centrality-2.1.0.tgz",
      "integrity": "sha512-sMpjulIKoyd64ICcaJyCJGMmfU97bsbGgsq7i3yGOjeruZvpUR4TR6ZGFDDpNBTV98Z29I8RfeScn4Nfe3R5NQ=="
    },
    "ngraph.events": {
      "version": "1.2.2",
      "resolved": "https://registry.npmjs.org/ngraph.events/-/ngraph.events-1.2.2.tgz",
      "integrity": "sha512-JsUbEOzANskax+WSYiAPETemLWYXmixuPAlmZmhIbIj6FH/WDgEGCGnRwUQBK0GjOnVm8Ui+e5IJ+5VZ4e32eQ=="
    },
    "ngraph.graph": {
      "version": "20.0.0",
      "resolved": "https://registry.npmjs.org/ngraph.graph/-/ngraph.graph-20.0.0.tgz",
      "integrity": "sha512-tJqmik6U5geNDSbmTSwm4R6coTMDbkfFFHD8wdeSJtKU/cxIWFsKtXuwMva/wTk6tQQl1C2//lrzmwfPJXAXHw==",
      "requires": {
        "ngraph.events": "^1.2.1"
      }
    }
  }
}
